
Microsoft Visual Studio Solution File, Format Version 12.00
# Visual Studio Version 17
VisualStudioVersion = 17.10.35122.118
MinimumVisualStudioVersion = 10.0.40219.1
Project("{FAE04EC0-301F-11D3-BF4B-00C04F79EFBC}") = "WebAPINatureHub3", "WebAPINatureHub3\WebAPINatureHub3.csproj", "{365A8EE1-4209-4955-BA57-4422DC736509}"
EndProject
Global
	GlobalSection(SolutionConfigurationPlatforms) = preSolution
		Debug|Any CPU = Debug|Any CPU
		Release|Any CPU = Release|Any CPU
	EndGlobalSection
	GlobalSection(ProjectConfigurationPlatforms) = postSolution
		{365A8EE1-4209-4955-BA57-4422DC736509}.Debug|Any CPU.ActiveCfg = Debug|Any CPU
		{365A8EE1-4209-4955-BA57-4422DC736509}.Debug|Any CPU.Build.0 = Debug|Any CPU
		{365A8EE1-4209-4955-BA57-4422DC736509}.Release|Any CPU.ActiveCfg = Release|Any CPU
		{365A8EE1-4209-4955-BA57-4422DC736509}.Release|Any CPU.Build.0 = Release|Any CPU
	EndGlobalSection
	GlobalSection(SolutionProperties) = preSolution
		HideSolutionNode = FALSE
	EndGlobalSection
	GlobalSection(ExtensibilityGlobals) = postSolution
		SolutionGuid = {1A9F0BF7-5870-4A5D-AC48-1F50E897B770}
	EndGlobalSection
EndGlobal
